
Microsoft Visual Studio Solution File, Format Version 12.00
Project("{FAE04EC0-301F-11D3-BF4B-00C04F79EFBC}") = "Prac2", "Prac2\Prac2.csproj", "{ACF32778-E166-4B0E-A04C-8FF3BD46F216}"
EndProject
Project("{FAE04EC0-301F-11D3-BF4B-00C04F79EFBC}") = "Prac3", "Prac3\Prac3.csproj", "{210AA4F5-5EFA-4154-B83F-8BB8402CDFB9}"
EndProject
Project("{FAE04EC0-301F-11D3-BF4B-00C04F79EFBC}") = "Prac4", "Prac4\Prac4.csproj", "{2FF7AF26-A080-4CB3-936B-DED086C228D9}"
EndProject
Project("{FAE04EC0-301F-11D3-BF4B-00C04F79EFBC}") = "Prac5", "Prac5\Prac5.csproj", "{6E13C038-D7E4-4133-8C3B-9EC2CA2A351A}"
EndProject
Project("{FAE04EC0-301F-11D3-BF4B-00C04F79EFBC}") = "Prac6", "Prac6\Prac6.csproj", "{D0B77C2A-AAFD-40AC-BEC4-00C0646E11B9}"
EndProject
Project("{FAE04EC0-301F-11D3-BF4B-00C04F79EFBC}") = "Prac7", "Prac7\Prac7.csproj", "{3AA3A08A-06D3-494B-A246-E07091DB96F0}"
EndProject
Project("{FAE04EC0-301F-11D3-BF4B-00C04F79EFBC}") = "Prac8", "Prac8\Prac8.csproj", "{428AC0DB-FD42-49EA-9492-33F800DF6CC7}"
EndProject
Project("{FAE04EC0-301F-11D3-BF4B-00C04F79EFBC}") = "Prac9", "Prac9\Prac9.csproj", "{F922C8DC-5710-42C6-B038-41EB0BC6DD05}"
EndProject
Project("{FAE04EC0-301F-11D3-BF4B-00C04F79EFBC}") = "Prac9-2", "Prac9-2\Prac9-2.csproj", "{F64DCE84-B7C1-4A26-A27C-BCB3D9F291C9}"
EndProject
Global
	GlobalSection(SolutionConfigurationPlatforms) = preSolution
		Debug|Any CPU = Debug|Any CPU
		Release|Any CPU = Release|Any CPU
	EndGlobalSection
	GlobalSection(ProjectConfigurationPlatforms) = postSolution
		{ACF32778-E166-4B0E-A04C-8FF3BD46F216}.Debug|Any CPU.ActiveCfg = Debug|Any CPU
		{ACF32778-E166-4B0E-A04C-8FF3BD46F216}.Debug|Any CPU.Build.0 = Debug|Any CPU
		{ACF32778-E166-4B0E-A04C-8FF3BD46F216}.Release|Any CPU.ActiveCfg = Release|Any CPU
		{ACF32778-E166-4B0E-A04C-8FF3BD46F216}.Release|Any CPU.Build.0 = Release|Any CPU
		{210AA4F5-5EFA-4154-B83F-8BB8402CDFB9}.Debug|Any CPU.ActiveCfg = Debug|Any CPU
		{210AA4F5-5EFA-4154-B83F-8BB8402CDFB9}.Debug|Any CPU.Build.0 = Debug|Any CPU
		{210AA4F5-5EFA-4154-B83F-8BB8402CDFB9}.Release|Any CPU.ActiveCfg = Release|Any CPU
		{210AA4F5-5EFA-4154-B83F-8BB8402CDFB9}.Release|Any CPU.Build.0 = Release|Any CPU
		{2FF7AF26-A080-4CB3-936B-DED086C228D9}.Debug|Any CPU.ActiveCfg = Debug|Any CPU
		{2FF7AF26-A080-4CB3-936B-DED086C228D9}.Debug|Any CPU.Build.0 = Debug|Any CPU
		{2FF7AF26-A080-4CB3-936B-DED086C228D9}.Release|Any CPU.ActiveCfg = Release|Any CPU
		{2FF7AF26-A080-4CB3-936B-DED086C228D9}.Release|Any CPU.Build.0 = Release|Any CPU
		{6E13C038-D7E4-4133-8C3B-9EC2CA2A351A}.Debug|Any CPU.ActiveCfg = Debug|Any CPU
		{6E13C038-D7E4-4133-8C3B-9EC2CA2A351A}.Debug|Any CPU.Build.0 = Debug|Any CPU
		{6E13C038-D7E4-4133-8C3B-9EC2CA2A351A}.Release|Any CPU.ActiveCfg = Release|Any CPU
		{6E13C038-D7E4-4133-8C3B-9EC2CA2A351A}.Release|Any CPU.Build.0 = Release|Any CPU
		{D0B77C2A-AAFD-40AC-BEC4-00C0646E11B9}.Debug|Any CPU.ActiveCfg = Debug|Any CPU
		{D0B77C2A-AAFD-40AC-BEC4-00C0646E11B9}.Debug|Any CPU.Build.0 = Debug|Any CPU
		{D0B77C2A-AAFD-40AC-BEC4-00C0646E11B9}.Release|Any CPU.ActiveCfg = Release|Any CPU
		{D0B77C2A-AAFD-40AC-BEC4-00C0646E11B9}.Release|Any CPU.Build.0 = Release|Any CPU
		{3AA3A08A-06D3-494B-A246-E07091DB96F0}.Debug|Any CPU.ActiveCfg = Debug|Any CPU
		{3AA3A08A-06D3-494B-A246-E07091DB96F0}.Debug|Any CPU.Build.0 = Debug|Any CPU
		{3AA3A08A-06D3-494B-A246-E07091DB96F0}.Release|Any CPU.ActiveCfg = Release|Any CPU
		{3AA3A08A-06D3-494B-A246-E07091DB96F0}.Release|Any CPU.Build.0 = Release|Any CPU
		{428AC0DB-FD42-49EA-9492-33F800DF6CC7}.Debug|Any CPU.ActiveCfg = Debug|Any CPU
		{428AC0DB-FD42-49EA-9492-33F800DF6CC7}.Debug|Any CPU.Build.0 = Debug|Any CPU
		{428AC0DB-FD42-49EA-9492-33F800DF6CC7}.Release|Any CPU.ActiveCfg = Release|Any CPU
		{428AC0DB-FD42-49EA-9492-33F800DF6CC7}.Release|Any CPU.Build.0 = Release|Any CPU
		{F922C8DC-5710-42C6-B038-41EB0BC6DD05}.Debug|Any CPU.ActiveCfg = Debug|Any CPU
		{F922C8DC-5710-42C6-B038-41EB0BC6DD05}.Debug|Any CPU.Build.0 = Debug|Any CPU
		{F922C8DC-5710-42C6-B038-41EB0BC6DD05}.Release|Any CPU.ActiveCfg = Release|Any CPU
		{F922C8DC-5710-42C6-B038-41EB0BC6DD05}.Release|Any CPU.Build.0 = Release|Any CPU
		{F64DCE84-B7C1-4A26-A27C-BCB3D9F291C9}.Debug|Any CPU.ActiveCfg = Debug|Any CPU
		{F64DCE84-B7C1-4A26-A27C-BCB3D9F291C9}.Debug|Any CPU.Build.0 = Debug|Any CPU
		{F64DCE84-B7C1-4A26-A27C-BCB3D9F291C9}.Release|Any CPU.ActiveCfg = Release|Any CPU
		{F64DCE84-B7C1-4A26-A27C-BCB3D9F291C9}.Release|Any CPU.Build.0 = Release|Any CPU
	EndGlobalSection
EndGlobal
